// !$*UTF8*$!
{
	archiveVersion = 1;
	classes = {
	};
	objectVersion = 46;
	objects = {

/* Begin PBXBuildFile section */
		0337AC731C4B1ABB00EDCF8C /* testWeightMap.cpp in Sources */ = {isa = PBXBuildFile; fileRef = 0337AC721C4B1ABB00EDCF8C /* testWeightMap.cpp */; };
		0337AC7B1C4B1ACC00EDCF8C /* newMap.cpp in Sources */ = {isa = PBXBuildFile; fileRef = 0337AC791C4B1ACC00EDCF8C /* newMap.cpp */; };
		0337AC7E1C4B1AD600EDCF8C /* WeightMap.cpp in Sources */ = {isa = PBXBuildFile; fileRef = 0337AC7C1C4B1AD600EDCF8C /* WeightMap.cpp */; };
/* End PBXBuildFile section */

/* Begin PBXCopyFilesBuildPhase section */
		0337AC6D1C4B1ABB00EDCF8C /* CopyFiles */ = {
			isa = PBXCopyFilesBuildPhase;
			buildActionMask = 2147483647;
			dstPath = /usr/share/man/man1/;
			dstSubfolderSpec = 0;
			files = (
			);
			runOnlyForDeploymentPostprocessing = 1;
		};
/* End PBXCopyFilesBuildPhase section */

/* Begin PBXFileReference section */
		0337AC6F1C4B1ABB00EDCF8C /* Homework_1_newMap_And_WeightMap */ = {isa = PBXFileReference; explicitFileType = "compiled.mach-o.executable"; includeInIndex = 0; path = Homework_1_newMap_And_WeightMap; sourceTree = BUILT_PRODUCTS_DIR; };
		0337AC721C4B1ABB00EDCF8C /* testWeightMap.cpp */ = {isa = PBXFileReference; lastKnownFileType = sourcecode.cpp.cpp; path = testWeightMap.cpp; sourceTree = "<group>"; };
		0337AC791C4B1ACC00EDCF8C /* newMap.cpp */ = {isa = PBXFileReference; fileEncoding = 4; lastKnownFileType = sourcecode.cpp.cpp; path = newMap.cpp; sourceTree = "<group>"; };
		0337AC7A1C4B1ACC00EDCF8C /* newMap.h */ = {isa = PBXFileReference; fileEncoding = 4; lastKnownFileType = sourcecode.c.h; path = newMap.h; sourceTree = "<group>"; };
		0337AC7C1C4B1AD600EDCF8C /* WeightMap.cpp */ = {isa = PBXFileReference; fileEncoding = 4; lastKnownFileType = sourcecode.cpp.cpp; path = WeightMap.cpp; sourceTree = "<group>"; };
		0337AC7D1C4B1AD600EDCF8C /* WeightMap.h */ = {isa = PBXFileReference; fileEncoding = 4; lastKnownFileType = sourcecode.c.h; path = WeightMap.h; sourceTree = "<group>"; };
/* End PBXFileReference section */

/* Begin PBXFrameworksBuildPhase section */
		0337AC6C1C4B1ABB00EDCF8C /* Frameworks */ = {
			isa = PBXFrameworksBuildPhase;
			buildActionMask = 2147483647;
			files = (
			);
			runOnlyForDeploymentPostprocessing = 0;
		};
/* End PBXFrameworksBuildPhase section */

/* Begin PBXGroup section */
		0337AC661C4B1ABB00EDCF8C = {
			isa = PBXGroup;
			children = (
				0337AC711C4B1ABB00EDCF8C /* Homework_1_newMap_And_WeightMap */,
				0337AC701C4B1ABB00EDCF8C /* Products */,
			);
			sourceTree = "<group>";
		};
		0337AC701C4B1ABB00EDCF8C /* Products */ = {
			isa = PBXGroup;
			children = (
				0337AC6F1C4B1ABB00EDCF8C /* Homework_1_newMap_And_WeightMap */,
			);
			name = Products;
			sourceTree = "<group>";
		};
		0337AC711C4B1ABB00EDCF8C /* Homework_1_newMap_And_WeightMap */ = {
			isa = PBXGroup;
			children = (
				0337AC721C4B1ABB00EDCF8C /* testWeightMap.cpp */,
				0337AC791C4B1ACC00EDCF8C /* newMap.cpp */,
				0337AC7A1C4B1ACC00EDCF8C /* newMap.h */,
				0337AC7C1C4B1AD600EDCF8C /* WeightMap.cpp */,
				0337AC7D1C4B1AD600EDCF8C /* WeightMap.h */,
			);
			path = Homework_1_newMap_And_WeightMap;
			sourceTree = "<group>";
		};
/* End PBXGroup section */

/* Begin PBXNativeTarget section */
		0337AC6E1C4B1ABB00EDCF8C /* Homework_1_newMap_And_WeightMap */ = {
			isa = PBXNativeTarget;
			buildConfigurationList = 0337AC761C4B1ABB00EDCF8C /* Build configuration list for PBXNativeTarget "Homework_1_newMap_And_WeightMap" */;
			buildPhases = (
				0337AC6B1C4B1ABB00EDCF8C /* Sources */,
				0337AC6C1C4B1ABB00EDCF8C /* Frameworks */,
				0337AC6D1C4B1ABB00EDCF8C /* CopyFiles */,
			);
			buildRules = (
			);
			dependencies = (
			);
			name = Homework_1_newMap_And_WeightMap;
			productName = Homework_1_newMap_And_WeightMap;
			productReference = 0337AC6F1C4B1ABB00EDCF8C /* Homework_1_newMap_And_WeightMap */;
			productType = "com.apple.product-type.tool";
		};
/* End PBXNativeTarget section */

/* Begin PBXProject section */
		0337AC671C4B1ABB00EDCF8C /* Project object */ = {
			isa = PBXProject;
			attributes = {
				LastUpgradeCheck = 0720;
				ORGANIZATIONNAME = "Jason Less";
				TargetAttributes = {
					0337AC6E1C4B1ABB00EDCF8C = {
						CreatedOnToolsVersion = 7.2;
					};
				};
			};
			buildConfigurationList = 0337AC6A1C4B1ABB00EDCF8C /* Build configuration list for PBXProject "Homework_1_newMap_And_WeightMap" */;
			compatibilityVersion = "Xcode 3.2";
			developmentRegion = English;
			hasScannedForEncodings = 0;
			knownRegions = (
				en,
			);
			mainGroup = 0337AC661C4B1ABB00EDCF8C;
			productRefGroup = 0337AC701C4B1ABB00EDCF8C /* Products */;
			projectDirPath = "";
			projectRoot = "";
			targets = (
				0337AC6E1C4B1ABB00EDCF8C /* Homework_1_newMap_And_WeightMap */,
			);
		};
/* End PBXProject section */

/* Begin PBXSourcesBuildPhase section */
		0337AC6B1C4B1ABB00EDCF8C /* Sources */ = {
			isa = PBXSourcesBuildPhase;
			buildActionMask = 2147483647;
			files = (
				0337AC731C4B1ABB00EDCF8C /* testWeightMap.cpp in Sources */,
				0337AC7B1C4B1ACC00EDCF8C /* newMap.cpp in Sources */,
				0337AC7E1C4B1AD600EDCF8C /* WeightMap.cpp in Sources */,
			);
			runOnlyForDeploymentPostprocessing = 0;
		};
/* End PBXSourcesBuildPhase section */

/* Begin XCBuildConfiguration section */
		0337AC741C4B1ABB00EDCF8C /* Debug */ = {
			isa = XCBuildConfiguration;
			buildSettings = {
				ALWAYS_SEARCH_USER_PATHS = NO;
				CLANG_CXX_LANGUAGE_STANDARD = "gnu++0x";
				CLANG_CXX_LIBRARY = "libc++";
				CLANG_ENABLE_MODULES = YES;
				CLANG_ENABLE_OBJC_ARC = YES;
				CLANG_WARN_BOOL_CONVERSION = YES;
				CLANG_WARN_CONSTANT_CONVERSION = YES;
				CLANG_WARN_DIRECT_OBJC_ISA_USAGE = YES_ERROR;
				CLANG_WARN_EMPTY_BODY = YES;
				CLANG_WARN_ENUM_CONVERSION = YES;
				CLANG_WARN_INT_CONVERSION = YES;
				CLANG_WARN_OBJC_ROOT_CLASS = YES_ERROR;
				CLANG_WARN_UNREACHABLE_CODE = YES;
				CLANG_WARN__DUPLICATE_METHOD_MATCH = YES;
				CODE_SIGN_IDENTITY = "-";
				COPY_PHASE_STRIP = NO;
				DEBUG_INFORMATION_FORMAT = dwarf;
				ENABLE_STRICT_OBJC_MSGSEND = YES;
				ENABLE_TESTABILITY = YES;
				GCC_C_LANGUAGE_STANDARD = gnu99;
				GCC_DYNAMIC_NO_PIC = NO;
				GCC_NO_COMMON_BLOCKS = YES;
				GCC_OPTIMIZATION_LEVEL = 0;
				GCC_PREPROCESSOR_DEFINITIONS = (
					"DEBUG=1",
					"$(inherited)",
				);
				GCC_WARN_64_TO_32_BIT_CONVERSION = YES;
				GCC_WARN_ABOUT_RETURN_TYPE = YES_ERROR;
				GCC_WARN_UNDECLARED_SELECTOR = YES;
				GCC_WARN_UNINITIALIZED_AUTOS = YES_AGGRESSIVE;
				GCC_WARN_UNUSED_FUNCTION = YES;
				GCC_WARN_UNUSED_VARIABLE = YES;
				MACOSX_DEPLOYMENT_TARGET = 10.10;
				MTL_ENABLE_DEBUG_INFO = YES;
				ONLY_ACTIVE_ARCH = YES;
				SDKROOT = macosx;
			};
			name = Debug;
		};
		0337AC751C4B1ABB00EDCF8C /* Release */ = {
			isa = XCBuildConfiguration;
			buildSettings = {
				ALWAYS_SEARCH_USER_PATHS = NO;
				CLANG_CXX_LANGUAGE_STANDARD = "gnu++0x";
				CLANG_CXX_LIBRARY = "libc++";
				CLANG_ENABLE_MODULES = YES;
				CLANG_ENABLE_OBJC_ARC = YES;
				CLANG_WARN_BOOL_CONVERSION = YES;
				CLANG_WARN_CONSTANT_CONVERSION = YES;
				CLANG_WARN_DIRECT_OBJC_ISA_USAGE = YES_ERROR;
				CLANG_WARN_EMPTY_BODY = YES;
				CLANG_WARN_ENUM_CONVERSION = YES;
				CLANG_WARN_INT_CONVERSION = YES;
				CLANG_WARN_OBJC_ROOT_CLASS = YES_ERROR;
				CLANG_WARN_UNREACHABLE_CODE = YES;
				CLANG_WARN__DUPLICATE_METHOD_MATCH = YES;
				CODE_SIGN_IDENTITY = "-";
				COPY_PHASE_STRIP = NO;
				DEBUG_INFORMATION_FORMAT = "dwarf-with-dsym";
				ENABLE_NS_ASSERTIONS = NO;
				ENABLE_STRICT_OBJC_MSGSEND = YES;
				GCC_C_LANGUAGE_STANDARD = gnu99;
				GCC_NO_COMMON_BLOCKS = YES;
				GCC_WARN_64_TO_32_BIT_CONVERSION = YES;
				GCC_WARN_ABOUT_RETURN_TYPE = YES_ERROR;
				GCC_WARN_UNDECLARED_SELECTOR = YES;
				GCC_WARN_UNINITIALIZED_AUTOS = YES_AGGRESSIVE;
				GCC_WARN_UNUSED_FUNCTION = YES;
				GCC_WARN_UNUSED_VARIABLE = YES;
				MACOSX_DEPLOYMENT_TARGET = 10.10;
				MTL_ENABLE_DEBUG_INFO = NO;
				SDKROOT = macosx;
			};
			name = Release;
		};
		0337AC771C4B1ABB00EDCF8C /* Debug */ = {
			isa = XCBuildConfiguration;
			buildSettings = {
				PRODUCT_NAME = "$(TARGET_NAME)";
			};
			name = Debug;
		};
		0337AC781C4B1ABB00EDCF8C /* Release */ = {
			isa = XCBuildConfiguration;
			buildSettings = {
				PRODUCT_NAME = "$(TARGET_NAME)";
			};
			name = Release;
		};
/* End XCBuildConfiguration section */

/* Begin XCConfigurationList section */
		0337AC6A1C4B1ABB00EDCF8C /* Build configuration list for PBXProject "Homework_1_newMap_And_WeightMap" */ = {
			isa = XCConfigurationList;
			buildConfigurations = (
				0337AC741C4B1ABB00EDCF8C /* Debug */,
				0337AC751C4B1ABB00EDCF8C /* Release */,
			);
			defaultConfigurationIsVisible = 0;
			defaultConfigurationName = Release;
		};
		0337AC761C4B1ABB00EDCF8C /* Build configuration list for PBXNativeTarget "Homework_1_newMap_And_WeightMap" */ = {
			isa = XCConfigurationList;
			buildConfigurations = (
				0337AC771C4B1ABB00EDCF8C /* Debug */,
				0337AC781C4B1ABB00EDCF8C /* Release */,
			);
			defaultConfigurationIsVisible = 0;
		};
/* End XCConfigurationList section */
	};
	rootObject = 0337AC671C4B1ABB00EDCF8C /* Project object */;
}
