// !$*UTF8*$!
{
	archiveVersion = 1;
	classes = {
	};
	objectVersion = 46;
	objects = {

/* Begin PBXBuildFile section */
		0358A8A41C4FFCF900C45F1D /* testSalaryMap.cpp in Sources */ = {isa = PBXBuildFile; fileRef = 0358A8A31C4FFCF900C45F1D /* testSalaryMap.cpp */; };
		0358A8AC1C4FFD2900C45F1D /* Map.cpp in Sources */ = {isa = PBXBuildFile; fileRef = 0358A8AA1C4FFD2900C45F1D /* Map.cpp */; };
		0358A8AF1C4FFD3000C45F1D /* SalaryMap.cpp in Sources */ = {isa = PBXBuildFile; fileRef = 0358A8AD1C4FFD3000C45F1D /* SalaryMap.cpp */; };
/* End PBXBuildFile section */

/* Begin PBXCopyFilesBuildPhase section */
		0358A89E1C4FFCF900C45F1D /* CopyFiles */ = {
			isa = PBXCopyFilesBuildPhase;
			buildActionMask = 2147483647;
			dstPath = /usr/share/man/man1/;
			dstSubfolderSpec = 0;
			files = (
			);
			runOnlyForDeploymentPostprocessing = 1;
		};
/* End PBXCopyFilesBuildPhase section */

/* Begin PBXFileReference section */
		0358A8A01C4FFCF900C45F1D /* Homework_1_Map_And_SalaryMap_Solution */ = {isa = PBXFileReference; explicitFileType = "compiled.mach-o.executable"; includeInIndex = 0; path = Homework_1_Map_And_SalaryMap_Solution; sourceTree = BUILT_PRODUCTS_DIR; };
		0358A8A31C4FFCF900C45F1D /* testSalaryMap.cpp */ = {isa = PBXFileReference; lastKnownFileType = sourcecode.cpp.cpp; path = testSalaryMap.cpp; sourceTree = "<group>"; };
		0358A8AA1C4FFD2900C45F1D /* Map.cpp */ = {isa = PBXFileReference; fileEncoding = 4; lastKnownFileType = sourcecode.cpp.cpp; path = Map.cpp; sourceTree = "<group>"; };
		0358A8AB1C4FFD2900C45F1D /* Map.h */ = {isa = PBXFileReference; fileEncoding = 4; lastKnownFileType = sourcecode.c.h; path = Map.h; sourceTree = "<group>"; };
		0358A8AD1C4FFD3000C45F1D /* SalaryMap.cpp */ = {isa = PBXFileReference; fileEncoding = 4; lastKnownFileType = sourcecode.cpp.cpp; path = SalaryMap.cpp; sourceTree = "<group>"; };
		0358A8AE1C4FFD3000C45F1D /* SalaryMap.h */ = {isa = PBXFileReference; fileEncoding = 4; lastKnownFileType = sourcecode.c.h; path = SalaryMap.h; sourceTree = "<group>"; };
/* End PBXFileReference section */

/* Begin PBXFrameworksBuildPhase section */
		0358A89D1C4FFCF900C45F1D /* Frameworks */ = {
			isa = PBXFrameworksBuildPhase;
			buildActionMask = 2147483647;
			files = (
			);
			runOnlyForDeploymentPostprocessing = 0;
		};
/* End PBXFrameworksBuildPhase section */

/* Begin PBXGroup section */
		0358A8971C4FFCF900C45F1D = {
			isa = PBXGroup;
			children = (
				0358A8A21C4FFCF900C45F1D /* Homework_1_Map_And_SalaryMap_Solution */,
				0358A8A11C4FFCF900C45F1D /* Products */,
			);
			sourceTree = "<group>";
		};
		0358A8A11C4FFCF900C45F1D /* Products */ = {
			isa = PBXGroup;
			children = (
				0358A8A01C4FFCF900C45F1D /* Homework_1_Map_And_SalaryMap_Solution */,
			);
			name = Products;
			sourceTree = "<group>";
		};
		0358A8A21C4FFCF900C45F1D /* Homework_1_Map_And_SalaryMap_Solution */ = {
			isa = PBXGroup;
			children = (
				0358A8A31C4FFCF900C45F1D /* testSalaryMap.cpp */,
				0358A8AD1C4FFD3000C45F1D /* SalaryMap.cpp */,
				0358A8AE1C4FFD3000C45F1D /* SalaryMap.h */,
				0358A8AA1C4FFD2900C45F1D /* Map.cpp */,
				0358A8AB1C4FFD2900C45F1D /* Map.h */,
			);
			path = Homework_1_Map_And_SalaryMap_Solution;
			sourceTree = "<group>";
		};
/* End PBXGroup section */

/* Begin PBXNativeTarget section */
		0358A89F1C4FFCF900C45F1D /* Homework_1_Map_And_SalaryMap_Solution */ = {
			isa = PBXNativeTarget;
			buildConfigurationList = 0358A8A71C4FFCF900C45F1D /* Build configuration list for PBXNativeTarget "Homework_1_Map_And_SalaryMap_Solution" */;
			buildPhases = (
				0358A89C1C4FFCF900C45F1D /* Sources */,
				0358A89D1C4FFCF900C45F1D /* Frameworks */,
				0358A89E1C4FFCF900C45F1D /* CopyFiles */,
			);
			buildRules = (
			);
			dependencies = (
			);
			name = Homework_1_Map_And_SalaryMap_Solution;
			productName = Homework_1_Map_And_SalaryMap_Solution;
			productReference = 0358A8A01C4FFCF900C45F1D /* Homework_1_Map_And_SalaryMap_Solution */;
			productType = "com.apple.product-type.tool";
		};
/* End PBXNativeTarget section */

/* Begin PBXProject section */
		0358A8981C4FFCF900C45F1D /* Project object */ = {
			isa = PBXProject;
			attributes = {
				LastUpgradeCheck = 0720;
				ORGANIZATIONNAME = "Jason Less";
				TargetAttributes = {
					0358A89F1C4FFCF900C45F1D = {
						CreatedOnToolsVersion = 7.2;
					};
				};
			};
			buildConfigurationList = 0358A89B1C4FFCF900C45F1D /* Build configuration list for PBXProject "Homework_1_Map_And_SalaryMap_Solution" */;
			compatibilityVersion = "Xcode 3.2";
			developmentRegion = English;
			hasScannedForEncodings = 0;
			knownRegions = (
				en,
			);
			mainGroup = 0358A8971C4FFCF900C45F1D;
			productRefGroup = 0358A8A11C4FFCF900C45F1D /* Products */;
			projectDirPath = "";
			projectRoot = "";
			targets = (
				0358A89F1C4FFCF900C45F1D /* Homework_1_Map_And_SalaryMap_Solution */,
			);
		};
/* End PBXProject section */

/* Begin PBXSourcesBuildPhase section */
		0358A89C1C4FFCF900C45F1D /* Sources */ = {
			isa = PBXSourcesBuildPhase;
			buildActionMask = 2147483647;
			files = (
				0358A8AC1C4FFD2900C45F1D /* Map.cpp in Sources */,
				0358A8AF1C4FFD3000C45F1D /* SalaryMap.cpp in Sources */,
				0358A8A41C4FFCF900C45F1D /* testSalaryMap.cpp in Sources */,
			);
			runOnlyForDeploymentPostprocessing = 0;
		};
/* End PBXSourcesBuildPhase section */

/* Begin XCBuildConfiguration section */
		0358A8A51C4FFCF900C45F1D /* Debug */ = {
			isa = XCBuildConfiguration;
			buildSettings = {
				ALWAYS_SEARCH_USER_PATHS = NO;
				CLANG_CXX_LANGUAGE_STANDARD = "gnu++0x";
				CLANG_CXX_LIBRARY = "libc++";
				CLANG_ENABLE_MODULES = YES;
				CLANG_ENABLE_OBJC_ARC = YES;
				CLANG_WARN_BOOL_CONVERSION = YES;
				CLANG_WARN_CONSTANT_CONVERSION = YES;
				CLANG_WARN_DIRECT_OBJC_ISA_USAGE = YES_ERROR;
				CLANG_WARN_EMPTY_BODY = YES;
				CLANG_WARN_ENUM_CONVERSION = YES;
				CLANG_WARN_INT_CONVERSION = YES;
				CLANG_WARN_OBJC_ROOT_CLASS = YES_ERROR;
				CLANG_WARN_UNREACHABLE_CODE = YES;
				CLANG_WARN__DUPLICATE_METHOD_MATCH = YES;
				CODE_SIGN_IDENTITY = "-";
				COPY_PHASE_STRIP = NO;
				DEBUG_INFORMATION_FORMAT = dwarf;
				ENABLE_STRICT_OBJC_MSGSEND = YES;
				ENABLE_TESTABILITY = YES;
				GCC_C_LANGUAGE_STANDARD = gnu99;
				GCC_DYNAMIC_NO_PIC = NO;
				GCC_NO_COMMON_BLOCKS = YES;
				GCC_OPTIMIZATION_LEVEL = 0;
				GCC_PREPROCESSOR_DEFINITIONS = (
					"DEBUG=1",
					"$(inherited)",
				);
				GCC_WARN_64_TO_32_BIT_CONVERSION = YES;
				GCC_WARN_ABOUT_RETURN_TYPE = YES_ERROR;
				GCC_WARN_UNDECLARED_SELECTOR = YES;
				GCC_WARN_UNINITIALIZED_AUTOS = YES_AGGRESSIVE;
				GCC_WARN_UNUSED_FUNCTION = YES;
				GCC_WARN_UNUSED_VARIABLE = YES;
				MACOSX_DEPLOYMENT_TARGET = 10.10;
				MTL_ENABLE_DEBUG_INFO = YES;
				ONLY_ACTIVE_ARCH = YES;
				SDKROOT = macosx;
			};
			name = Debug;
		};
		0358A8A61C4FFCF900C45F1D /* Release */ = {
			isa = XCBuildConfiguration;
			buildSettings = {
				ALWAYS_SEARCH_USER_PATHS = NO;
				CLANG_CXX_LANGUAGE_STANDARD = "gnu++0x";
				CLANG_CXX_LIBRARY = "libc++";
				CLANG_ENABLE_MODULES = YES;
				CLANG_ENABLE_OBJC_ARC = YES;
				CLANG_WARN_BOOL_CONVERSION = YES;
				CLANG_WARN_CONSTANT_CONVERSION = YES;
				CLANG_WARN_DIRECT_OBJC_ISA_USAGE = YES_ERROR;
				CLANG_WARN_EMPTY_BODY = YES;
				CLANG_WARN_ENUM_CONVERSION = YES;
				CLANG_WARN_INT_CONVERSION = YES;
				CLANG_WARN_OBJC_ROOT_CLASS = YES_ERROR;
				CLANG_WARN_UNREACHABLE_CODE = YES;
				CLANG_WARN__DUPLICATE_METHOD_MATCH = YES;
				CODE_SIGN_IDENTITY = "-";
				COPY_PHASE_STRIP = NO;
				DEBUG_INFORMATION_FORMAT = "dwarf-with-dsym";
				ENABLE_NS_ASSERTIONS = NO;
				ENABLE_STRICT_OBJC_MSGSEND = YES;
				GCC_C_LANGUAGE_STANDARD = gnu99;
				GCC_NO_COMMON_BLOCKS = YES;
				GCC_WARN_64_TO_32_BIT_CONVERSION = YES;
				GCC_WARN_ABOUT_RETURN_TYPE = YES_ERROR;
				GCC_WARN_UNDECLARED_SELECTOR = YES;
				GCC_WARN_UNINITIALIZED_AUTOS = YES_AGGRESSIVE;
				GCC_WARN_UNUSED_FUNCTION = YES;
				GCC_WARN_UNUSED_VARIABLE = YES;
				MACOSX_DEPLOYMENT_TARGET = 10.10;
				MTL_ENABLE_DEBUG_INFO = NO;
				SDKROOT = macosx;
			};
			name = Release;
		};
		0358A8A81C4FFCF900C45F1D /* Debug */ = {
			isa = XCBuildConfiguration;
			buildSettings = {
				PRODUCT_NAME = "$(TARGET_NAME)";
			};
			name = Debug;
		};
		0358A8A91C4FFCF900C45F1D /* Release */ = {
			isa = XCBuildConfiguration;
			buildSettings = {
				PRODUCT_NAME = "$(TARGET_NAME)";
			};
			name = Release;
		};
/* End XCBuildConfiguration section */

/* Begin XCConfigurationList section */
		0358A89B1C4FFCF900C45F1D /* Build configuration list for PBXProject "Homework_1_Map_And_SalaryMap_Solution" */ = {
			isa = XCConfigurationList;
			buildConfigurations = (
				0358A8A51C4FFCF900C45F1D /* Debug */,
				0358A8A61C4FFCF900C45F1D /* Release */,
			);
			defaultConfigurationIsVisible = 0;
			defaultConfigurationName = Release;
		};
		0358A8A71C4FFCF900C45F1D /* Build configuration list for PBXNativeTarget "Homework_1_Map_And_SalaryMap_Solution" */ = {
			isa = XCConfigurationList;
			buildConfigurations = (
				0358A8A81C4FFCF900C45F1D /* Debug */,
				0358A8A91C4FFCF900C45F1D /* Release */,
			);
			defaultConfigurationIsVisible = 0;
		};
/* End XCConfigurationList section */
	};
	rootObject = 0358A8981C4FFCF900C45F1D /* Project object */;
}
