// !$*UTF8*$!
{
	archiveVersion = 1;
	classes = {
	};
	objectVersion = 46;
	objects = {

/* Begin PBXBuildFile section */
		03E0CB0F1C64BB6C00787FBD /* linear.cpp in Sources */ = {isa = PBXBuildFile; fileRef = 03E0CB0E1C64BB6C00787FBD /* linear.cpp */; };
/* End PBXBuildFile section */

/* Begin PBXCopyFilesBuildPhase section */
		03E0CB091C64BB6C00787FBD /* CopyFiles */ = {
			isa = PBXCopyFilesBuildPhase;
			buildActionMask = 2147483647;
			dstPath = /usr/share/man/man1/;
			dstSubfolderSpec = 0;
			files = (
			);
			runOnlyForDeploymentPostprocessing = 1;
		};
/* End PBXCopyFilesBuildPhase section */

/* Begin PBXFileReference section */
		03E0CB0B1C64BB6C00787FBD /* Homework_3_Linear */ = {isa = PBXFileReference; explicitFileType = "compiled.mach-o.executable"; includeInIndex = 0; path = Homework_3_Linear; sourceTree = BUILT_PRODUCTS_DIR; };
		03E0CB0E1C64BB6C00787FBD /* linear.cpp */ = {isa = PBXFileReference; lastKnownFileType = sourcecode.cpp.cpp; path = linear.cpp; sourceTree = "<group>"; };
/* End PBXFileReference section */

/* Begin PBXFrameworksBuildPhase section */
		03E0CB081C64BB6C00787FBD /* Frameworks */ = {
			isa = PBXFrameworksBuildPhase;
			buildActionMask = 2147483647;
			files = (
			);
			runOnlyForDeploymentPostprocessing = 0;
		};
/* End PBXFrameworksBuildPhase section */

/* Begin PBXGroup section */
		03E0CB021C64BB6C00787FBD = {
			isa = PBXGroup;
			children = (
				03E0CB0D1C64BB6C00787FBD /* Homework_3_Linear */,
				03E0CB0C1C64BB6C00787FBD /* Products */,
			);
			sourceTree = "<group>";
		};
		03E0CB0C1C64BB6C00787FBD /* Products */ = {
			isa = PBXGroup;
			children = (
				03E0CB0B1C64BB6C00787FBD /* Homework_3_Linear */,
			);
			name = Products;
			sourceTree = "<group>";
		};
		03E0CB0D1C64BB6C00787FBD /* Homework_3_Linear */ = {
			isa = PBXGroup;
			children = (
				03E0CB0E1C64BB6C00787FBD /* linear.cpp */,
			);
			path = Homework_3_Linear;
			sourceTree = "<group>";
		};
/* End PBXGroup section */

/* Begin PBXNativeTarget section */
		03E0CB0A1C64BB6C00787FBD /* Homework_3_Linear */ = {
			isa = PBXNativeTarget;
			buildConfigurationList = 03E0CB121C64BB6C00787FBD /* Build configuration list for PBXNativeTarget "Homework_3_Linear" */;
			buildPhases = (
				03E0CB071C64BB6C00787FBD /* Sources */,
				03E0CB081C64BB6C00787FBD /* Frameworks */,
				03E0CB091C64BB6C00787FBD /* CopyFiles */,
			);
			buildRules = (
			);
			dependencies = (
			);
			name = Homework_3_Linear;
			productName = Homework_3_Linear;
			productReference = 03E0CB0B1C64BB6C00787FBD /* Homework_3_Linear */;
			productType = "com.apple.product-type.tool";
		};
/* End PBXNativeTarget section */

/* Begin PBXProject section */
		03E0CB031C64BB6C00787FBD /* Project object */ = {
			isa = PBXProject;
			attributes = {
				LastUpgradeCheck = 0720;
				ORGANIZATIONNAME = "Jason Less";
				TargetAttributes = {
					03E0CB0A1C64BB6C00787FBD = {
						CreatedOnToolsVersion = 7.2.1;
					};
				};
			};
			buildConfigurationList = 03E0CB061C64BB6C00787FBD /* Build configuration list for PBXProject "Homework_3_Linear" */;
			compatibilityVersion = "Xcode 3.2";
			developmentRegion = English;
			hasScannedForEncodings = 0;
			knownRegions = (
				en,
			);
			mainGroup = 03E0CB021C64BB6C00787FBD;
			productRefGroup = 03E0CB0C1C64BB6C00787FBD /* Products */;
			projectDirPath = "";
			projectRoot = "";
			targets = (
				03E0CB0A1C64BB6C00787FBD /* Homework_3_Linear */,
			);
		};
/* End PBXProject section */

/* Begin PBXSourcesBuildPhase section */
		03E0CB071C64BB6C00787FBD /* Sources */ = {
			isa = PBXSourcesBuildPhase;
			buildActionMask = 2147483647;
			files = (
				03E0CB0F1C64BB6C00787FBD /* linear.cpp in Sources */,
			);
			runOnlyForDeploymentPostprocessing = 0;
		};
/* End PBXSourcesBuildPhase section */

/* Begin XCBuildConfiguration section */
		03E0CB101C64BB6C00787FBD /* Debug */ = {
			isa = XCBuildConfiguration;
			buildSettings = {
				ALWAYS_SEARCH_USER_PATHS = NO;
				CLANG_CXX_LANGUAGE_STANDARD = "gnu++0x";
				CLANG_CXX_LIBRARY = "libc++";
				CLANG_ENABLE_MODULES = YES;
				CLANG_ENABLE_OBJC_ARC = YES;
				CLANG_WARN_BOOL_CONVERSION = YES;
				CLANG_WARN_CONSTANT_CONVERSION = YES;
				CLANG_WARN_DIRECT_OBJC_ISA_USAGE = YES_ERROR;
				CLANG_WARN_EMPTY_BODY = YES;
				CLANG_WARN_ENUM_CONVERSION = YES;
				CLANG_WARN_INT_CONVERSION = YES;
				CLANG_WARN_OBJC_ROOT_CLASS = YES_ERROR;
				CLANG_WARN_UNREACHABLE_CODE = YES;
				CLANG_WARN__DUPLICATE_METHOD_MATCH = YES;
				CODE_SIGN_IDENTITY = "-";
				COPY_PHASE_STRIP = NO;
				DEBUG_INFORMATION_FORMAT = dwarf;
				ENABLE_STRICT_OBJC_MSGSEND = YES;
				ENABLE_TESTABILITY = YES;
				GCC_C_LANGUAGE_STANDARD = gnu99;
				GCC_DYNAMIC_NO_PIC = NO;
				GCC_NO_COMMON_BLOCKS = YES;
				GCC_OPTIMIZATION_LEVEL = 0;
				GCC_PREPROCESSOR_DEFINITIONS = (
					"DEBUG=1",
					"$(inherited)",
				);
				GCC_WARN_64_TO_32_BIT_CONVERSION = YES;
				GCC_WARN_ABOUT_RETURN_TYPE = YES_ERROR;
				GCC_WARN_UNDECLARED_SELECTOR = YES;
				GCC_WARN_UNINITIALIZED_AUTOS = YES_AGGRESSIVE;
				GCC_WARN_UNUSED_FUNCTION = YES;
				GCC_WARN_UNUSED_VARIABLE = YES;
				MACOSX_DEPLOYMENT_TARGET = 10.10;
				MTL_ENABLE_DEBUG_INFO = YES;
				ONLY_ACTIVE_ARCH = YES;
				SDKROOT = macosx;
			};
			name = Debug;
		};
		03E0CB111C64BB6C00787FBD /* Release */ = {
			isa = XCBuildConfiguration;
			buildSettings = {
				ALWAYS_SEARCH_USER_PATHS = NO;
				CLANG_CXX_LANGUAGE_STANDARD = "gnu++0x";
				CLANG_CXX_LIBRARY = "libc++";
				CLANG_ENABLE_MODULES = YES;
				CLANG_ENABLE_OBJC_ARC = YES;
				CLANG_WARN_BOOL_CONVERSION = YES;
				CLANG_WARN_CONSTANT_CONVERSION = YES;
				CLANG_WARN_DIRECT_OBJC_ISA_USAGE = YES_ERROR;
				CLANG_WARN_EMPTY_BODY = YES;
				CLANG_WARN_ENUM_CONVERSION = YES;
				CLANG_WARN_INT_CONVERSION = YES;
				CLANG_WARN_OBJC_ROOT_CLASS = YES_ERROR;
				CLANG_WARN_UNREACHABLE_CODE = YES;
				CLANG_WARN__DUPLICATE_METHOD_MATCH = YES;
				CODE_SIGN_IDENTITY = "-";
				COPY_PHASE_STRIP = NO;
				DEBUG_INFORMATION_FORMAT = "dwarf-with-dsym";
				ENABLE_NS_ASSERTIONS = NO;
				ENABLE_STRICT_OBJC_MSGSEND = YES;
				GCC_C_LANGUAGE_STANDARD = gnu99;
				GCC_NO_COMMON_BLOCKS = YES;
				GCC_WARN_64_TO_32_BIT_CONVERSION = YES;
				GCC_WARN_ABOUT_RETURN_TYPE = YES_ERROR;
				GCC_WARN_UNDECLARED_SELECTOR = YES;
				GCC_WARN_UNINITIALIZED_AUTOS = YES_AGGRESSIVE;
				GCC_WARN_UNUSED_FUNCTION = YES;
				GCC_WARN_UNUSED_VARIABLE = YES;
				MACOSX_DEPLOYMENT_TARGET = 10.10;
				MTL_ENABLE_DEBUG_INFO = NO;
				SDKROOT = macosx;
			};
			name = Release;
		};
		03E0CB131C64BB6C00787FBD /* Debug */ = {
			isa = XCBuildConfiguration;
			buildSettings = {
				PRODUCT_NAME = "$(TARGET_NAME)";
			};
			name = Debug;
		};
		03E0CB141C64BB6C00787FBD /* Release */ = {
			isa = XCBuildConfiguration;
			buildSettings = {
				PRODUCT_NAME = "$(TARGET_NAME)";
			};
			name = Release;
		};
/* End XCBuildConfiguration section */

/* Begin XCConfigurationList section */
		03E0CB061C64BB6C00787FBD /* Build configuration list for PBXProject "Homework_3_Linear" */ = {
			isa = XCConfigurationList;
			buildConfigurations = (
				03E0CB101C64BB6C00787FBD /* Debug */,
				03E0CB111C64BB6C00787FBD /* Release */,
			);
			defaultConfigurationIsVisible = 0;
			defaultConfigurationName = Release;
		};
		03E0CB121C64BB6C00787FBD /* Build configuration list for PBXNativeTarget "Homework_3_Linear" */ = {
			isa = XCConfigurationList;
			buildConfigurations = (
				03E0CB131C64BB6C00787FBD /* Debug */,
				03E0CB141C64BB6C00787FBD /* Release */,
			);
			defaultConfigurationIsVisible = 0;
		};
/* End XCConfigurationList section */
	};
	rootObject = 03E0CB031C64BB6C00787FBD /* Project object */;
}
