// !$*UTF8*$!
{
	archiveVersion = 1;
	classes = {
	};
	objectVersion = 46;
	objects = {

/* Begin PBXBuildFile section */
		0344C9EA1C5CDFE900413C9E /* mazequeue.cpp in Sources */ = {isa = PBXBuildFile; fileRef = 0344C9E91C5CDFE900413C9E /* mazequeue.cpp */; };
/* End PBXBuildFile section */

/* Begin PBXCopyFilesBuildPhase section */
		0344C9E41C5CDFE900413C9E /* CopyFiles */ = {
			isa = PBXCopyFilesBuildPhase;
			buildActionMask = 2147483647;
			dstPath = /usr/share/man/man1/;
			dstSubfolderSpec = 0;
			files = (
			);
			runOnlyForDeploymentPostprocessing = 1;
		};
/* End PBXCopyFilesBuildPhase section */

/* Begin PBXFileReference section */
		0344C9E61C5CDFE900413C9E /* Homework_2_Maze_Queue */ = {isa = PBXFileReference; explicitFileType = "compiled.mach-o.executable"; includeInIndex = 0; path = Homework_2_Maze_Queue; sourceTree = BUILT_PRODUCTS_DIR; };
		0344C9E91C5CDFE900413C9E /* mazequeue.cpp */ = {isa = PBXFileReference; lastKnownFileType = sourcecode.cpp.cpp; path = mazequeue.cpp; sourceTree = "<group>"; };
/* End PBXFileReference section */

/* Begin PBXFrameworksBuildPhase section */
		0344C9E31C5CDFE900413C9E /* Frameworks */ = {
			isa = PBXFrameworksBuildPhase;
			buildActionMask = 2147483647;
			files = (
			);
			runOnlyForDeploymentPostprocessing = 0;
		};
/* End PBXFrameworksBuildPhase section */

/* Begin PBXGroup section */
		0344C9DD1C5CDFE900413C9E = {
			isa = PBXGroup;
			children = (
				0344C9E81C5CDFE900413C9E /* Homework_2_Maze_Queue */,
				0344C9E71C5CDFE900413C9E /* Products */,
			);
			sourceTree = "<group>";
		};
		0344C9E71C5CDFE900413C9E /* Products */ = {
			isa = PBXGroup;
			children = (
				0344C9E61C5CDFE900413C9E /* Homework_2_Maze_Queue */,
			);
			name = Products;
			sourceTree = "<group>";
		};
		0344C9E81C5CDFE900413C9E /* Homework_2_Maze_Queue */ = {
			isa = PBXGroup;
			children = (
				0344C9E91C5CDFE900413C9E /* mazequeue.cpp */,
			);
			path = Homework_2_Maze_Queue;
			sourceTree = "<group>";
		};
/* End PBXGroup section */

/* Begin PBXNativeTarget section */
		0344C9E51C5CDFE900413C9E /* Homework_2_Maze_Queue */ = {
			isa = PBXNativeTarget;
			buildConfigurationList = 0344C9ED1C5CDFE900413C9E /* Build configuration list for PBXNativeTarget "Homework_2_Maze_Queue" */;
			buildPhases = (
				0344C9E21C5CDFE900413C9E /* Sources */,
				0344C9E31C5CDFE900413C9E /* Frameworks */,
				0344C9E41C5CDFE900413C9E /* CopyFiles */,
			);
			buildRules = (
			);
			dependencies = (
			);
			name = Homework_2_Maze_Queue;
			productName = Homework_2_Maze_Queue;
			productReference = 0344C9E61C5CDFE900413C9E /* Homework_2_Maze_Queue */;
			productType = "com.apple.product-type.tool";
		};
/* End PBXNativeTarget section */

/* Begin PBXProject section */
		0344C9DE1C5CDFE900413C9E /* Project object */ = {
			isa = PBXProject;
			attributes = {
				LastUpgradeCheck = 0720;
				ORGANIZATIONNAME = "Jason Less";
				TargetAttributes = {
					0344C9E51C5CDFE900413C9E = {
						CreatedOnToolsVersion = 7.2;
					};
				};
			};
			buildConfigurationList = 0344C9E11C5CDFE900413C9E /* Build configuration list for PBXProject "Homework_2_Maze_Queue" */;
			compatibilityVersion = "Xcode 3.2";
			developmentRegion = English;
			hasScannedForEncodings = 0;
			knownRegions = (
				en,
			);
			mainGroup = 0344C9DD1C5CDFE900413C9E;
			productRefGroup = 0344C9E71C5CDFE900413C9E /* Products */;
			projectDirPath = "";
			projectRoot = "";
			targets = (
				0344C9E51C5CDFE900413C9E /* Homework_2_Maze_Queue */,
			);
		};
/* End PBXProject section */

/* Begin PBXSourcesBuildPhase section */
		0344C9E21C5CDFE900413C9E /* Sources */ = {
			isa = PBXSourcesBuildPhase;
			buildActionMask = 2147483647;
			files = (
				0344C9EA1C5CDFE900413C9E /* mazequeue.cpp in Sources */,
			);
			runOnlyForDeploymentPostprocessing = 0;
		};
/* End PBXSourcesBuildPhase section */

/* Begin XCBuildConfiguration section */
		0344C9EB1C5CDFE900413C9E /* Debug */ = {
			isa = XCBuildConfiguration;
			buildSettings = {
				ALWAYS_SEARCH_USER_PATHS = NO;
				CLANG_CXX_LANGUAGE_STANDARD = "gnu++0x";
				CLANG_CXX_LIBRARY = "libc++";
				CLANG_ENABLE_MODULES = YES;
				CLANG_ENABLE_OBJC_ARC = YES;
				CLANG_WARN_BOOL_CONVERSION = YES;
				CLANG_WARN_CONSTANT_CONVERSION = YES;
				CLANG_WARN_DIRECT_OBJC_ISA_USAGE = YES_ERROR;
				CLANG_WARN_EMPTY_BODY = YES;
				CLANG_WARN_ENUM_CONVERSION = YES;
				CLANG_WARN_INT_CONVERSION = YES;
				CLANG_WARN_OBJC_ROOT_CLASS = YES_ERROR;
				CLANG_WARN_UNREACHABLE_CODE = YES;
				CLANG_WARN__DUPLICATE_METHOD_MATCH = YES;
				CODE_SIGN_IDENTITY = "-";
				COPY_PHASE_STRIP = NO;
				DEBUG_INFORMATION_FORMAT = dwarf;
				ENABLE_STRICT_OBJC_MSGSEND = YES;
				ENABLE_TESTABILITY = YES;
				GCC_C_LANGUAGE_STANDARD = gnu99;
				GCC_DYNAMIC_NO_PIC = NO;
				GCC_NO_COMMON_BLOCKS = YES;
				GCC_OPTIMIZATION_LEVEL = 0;
				GCC_PREPROCESSOR_DEFINITIONS = (
					"DEBUG=1",
					"$(inherited)",
				);
				GCC_WARN_64_TO_32_BIT_CONVERSION = YES;
				GCC_WARN_ABOUT_RETURN_TYPE = YES_ERROR;
				GCC_WARN_UNDECLARED_SELECTOR = YES;
				GCC_WARN_UNINITIALIZED_AUTOS = YES_AGGRESSIVE;
				GCC_WARN_UNUSED_FUNCTION = YES;
				GCC_WARN_UNUSED_VARIABLE = YES;
				MACOSX_DEPLOYMENT_TARGET = 10.10;
				MTL_ENABLE_DEBUG_INFO = YES;
				ONLY_ACTIVE_ARCH = YES;
				SDKROOT = macosx;
			};
			name = Debug;
		};
		0344C9EC1C5CDFE900413C9E /* Release */ = {
			isa = XCBuildConfiguration;
			buildSettings = {
				ALWAYS_SEARCH_USER_PATHS = NO;
				CLANG_CXX_LANGUAGE_STANDARD = "gnu++0x";
				CLANG_CXX_LIBRARY = "libc++";
				CLANG_ENABLE_MODULES = YES;
				CLANG_ENABLE_OBJC_ARC = YES;
				CLANG_WARN_BOOL_CONVERSION = YES;
				CLANG_WARN_CONSTANT_CONVERSION = YES;
				CLANG_WARN_DIRECT_OBJC_ISA_USAGE = YES_ERROR;
				CLANG_WARN_EMPTY_BODY = YES;
				CLANG_WARN_ENUM_CONVERSION = YES;
				CLANG_WARN_INT_CONVERSION = YES;
				CLANG_WARN_OBJC_ROOT_CLASS = YES_ERROR;
				CLANG_WARN_UNREACHABLE_CODE = YES;
				CLANG_WARN__DUPLICATE_METHOD_MATCH = YES;
				CODE_SIGN_IDENTITY = "-";
				COPY_PHASE_STRIP = NO;
				DEBUG_INFORMATION_FORMAT = "dwarf-with-dsym";
				ENABLE_NS_ASSERTIONS = NO;
				ENABLE_STRICT_OBJC_MSGSEND = YES;
				GCC_C_LANGUAGE_STANDARD = gnu99;
				GCC_NO_COMMON_BLOCKS = YES;
				GCC_WARN_64_TO_32_BIT_CONVERSION = YES;
				GCC_WARN_ABOUT_RETURN_TYPE = YES_ERROR;
				GCC_WARN_UNDECLARED_SELECTOR = YES;
				GCC_WARN_UNINITIALIZED_AUTOS = YES_AGGRESSIVE;
				GCC_WARN_UNUSED_FUNCTION = YES;
				GCC_WARN_UNUSED_VARIABLE = YES;
				MACOSX_DEPLOYMENT_TARGET = 10.10;
				MTL_ENABLE_DEBUG_INFO = NO;
				SDKROOT = macosx;
			};
			name = Release;
		};
		0344C9EE1C5CDFE900413C9E /* Debug */ = {
			isa = XCBuildConfiguration;
			buildSettings = {
				PRODUCT_NAME = "$(TARGET_NAME)";
			};
			name = Debug;
		};
		0344C9EF1C5CDFE900413C9E /* Release */ = {
			isa = XCBuildConfiguration;
			buildSettings = {
				PRODUCT_NAME = "$(TARGET_NAME)";
			};
			name = Release;
		};
/* End XCBuildConfiguration section */

/* Begin XCConfigurationList section */
		0344C9E11C5CDFE900413C9E /* Build configuration list for PBXProject "Homework_2_Maze_Queue" */ = {
			isa = XCConfigurationList;
			buildConfigurations = (
				0344C9EB1C5CDFE900413C9E /* Debug */,
				0344C9EC1C5CDFE900413C9E /* Release */,
			);
			defaultConfigurationIsVisible = 0;
			defaultConfigurationName = Release;
		};
		0344C9ED1C5CDFE900413C9E /* Build configuration list for PBXNativeTarget "Homework_2_Maze_Queue" */ = {
			isa = XCConfigurationList;
			buildConfigurations = (
				0344C9EE1C5CDFE900413C9E /* Debug */,
				0344C9EF1C5CDFE900413C9E /* Release */,
			);
			defaultConfigurationIsVisible = 0;
		};
/* End XCConfigurationList section */
	};
	rootObject = 0344C9DE1C5CDFE900413C9E /* Project object */;
}
